
Microsoft Visual Studio Solution File, Format Version 12.00
# Visual Studio Version 16
VisualStudioVersion = 16.0.30204.135
MinimumVisualStudioVersion = 10.0.40219.1
Project("{FAE04EC0-301F-11D3-BF4B-00C04F79EFBC}") = "minimalpath", "minimalpath\minimalpath.csproj", "{1DD147A2-F449-4F78-91ED-8C8D4343543E}"
EndProject
Global
	GlobalSection(SolutionConfigurationPlatforms) = preSolution
		Debug|Any CPU = Debug|Any CPU
		Release|Any CPU = Release|Any CPU
	EndGlobalSection
	GlobalSection(ProjectConfigurationPlatforms) = postSolution
		{1DD147A2-F449-4F78-91ED-8C8D4343543E}.Debug|Any CPU.ActiveCfg = Debug|Any CPU
		{1DD147A2-F449-4F78-91ED-8C8D4343543E}.Debug|Any CPU.Build.0 = Debug|Any CPU
		{1DD147A2-F449-4F78-91ED-8C8D4343543E}.Release|Any CPU.ActiveCfg = Release|Any CPU
		{1DD147A2-F449-4F78-91ED-8C8D4343543E}.Release|Any CPU.Build.0 = Release|Any CPU
	EndGlobalSection
	GlobalSection(SolutionProperties) = preSolution
		HideSolutionNode = FALSE
	EndGlobalSection
	GlobalSection(ExtensibilityGlobals) = postSolution
		SolutionGuid = {E51AAD54-76E6-46BB-AF21-5020C5463C76}
	EndGlobalSection
EndGlobal
